
Microsoft Visual Studio Solution File, Format Version 12.00
# Visual Studio Version 16
VisualStudioVersion = 16.0.31911.196
MinimumVisualStudioVersion = 10.0.40219.1
Project("{FAE04EC0-301F-11D3-BF4B-00C04F79EFBC}") = "Online Store Application", "Online Store Application\Online Store Application.csproj", "{F4F1090A-4712-45ED-9A58-4E9DDA5CF159}"
EndProject
Global
	GlobalSection(SolutionConfigurationPlatforms) = preSolution
		Debug|Any CPU = Debug|Any CPU
		Release|Any CPU = Release|Any CPU
	EndGlobalSection
	GlobalSection(ProjectConfigurationPlatforms) = postSolution
		{F4F1090A-4712-45ED-9A58-4E9DDA5CF159}.Debug|Any CPU.ActiveCfg = Debug|Any CPU
		{F4F1090A-4712-45ED-9A58-4E9DDA5CF159}.Debug|Any CPU.Build.0 = Debug|Any CPU
		{F4F1090A-4712-45ED-9A58-4E9DDA5CF159}.Release|Any CPU.ActiveCfg = Release|Any CPU
		{F4F1090A-4712-45ED-9A58-4E9DDA5CF159}.Release|Any CPU.Build.0 = Release|Any CPU
	EndGlobalSection
	GlobalSection(SolutionProperties) = preSolution
		HideSolutionNode = FALSE
	EndGlobalSection
	GlobalSection(ExtensibilityGlobals) = postSolution
		SolutionGuid = {24AA9A4D-AD81-41C9-8F33-B124A061BA3A}
	EndGlobalSection
EndGlobal
